
Microsoft Visual Studio Solution File, Format Version 11.00
# Visual Studio 2010
Project("{F2A71F9B-5D33-465A-A702-920D77279786}") = "Solver", "Solver\Solver.fsproj", "{B2A8AA29-1A16-4687-B177-06861B724ABA}"
EndProject
Project("{F2A71F9B-5D33-465A-A702-920D77279786}") = "Runner", "Runner\Runner.fsproj", "{6EBE80E5-0FE8-4A2D-AAB1-546A77345D76}"
EndProject
Project("{F2A71F9B-5D33-465A-A702-920D77279786}") = "Problems", "Problems\Problems.fsproj", "{CEF87BAE-5154-4B98-9D44-1DF3B5533C2B}"
EndProject
Project("{2150E333-8FDC-42A3-9474-1A3956D46DE8}") = "Datafiles", "Datafiles", "{F26CF195-2042-4ABB-BA7E-B4B5F27D522E}"
	ProjectSection(SolutionItems) = preProject
		Datafiles\grid.data = Datafiles\grid.data
		Datafiles\Problem013.data = Datafiles\Problem013.data
		Datafiles\Problem018.data = Datafiles\Problem018.data
		Datafiles\Problem022.data = Datafiles\Problem022.data
		Datafiles\Problem042.data = Datafiles\Problem042.data
		Datafiles\Problem054.data = Datafiles\Problem054.data
		Datafiles\Problem059.data = Datafiles\Problem059.data
		Datafiles\Problem067.data = Datafiles\Problem067.data
		Datafiles\Problem079.data = Datafiles\Problem079.data
		Datafiles\Problem081.data = Datafiles\Problem081.data
	EndProjectSection
EndProject
Project("{2150E333-8FDC-42A3-9474-1A3956D46DE8}") = "Solution Items", "Solution Items", "{C5D4B043-4AF1-4B2C-9E1B-66D93CC1178E}"
EndProject
Global
	GlobalSection(SolutionConfigurationPlatforms) = preSolution
		Debug|Any CPU = Debug|Any CPU
		Debug|Mixed Platforms = Debug|Mixed Platforms
		Debug|x86 = Debug|x86
		Release|Any CPU = Release|Any CPU
		Release|Mixed Platforms = Release|Mixed Platforms
		Release|x86 = Release|x86
	EndGlobalSection
	GlobalSection(ProjectConfigurationPlatforms) = postSolution
		{B2A8AA29-1A16-4687-B177-06861B724ABA}.Debug|Any CPU.ActiveCfg = Debug|x86
		{B2A8AA29-1A16-4687-B177-06861B724ABA}.Debug|Mixed Platforms.ActiveCfg = Debug|x86
		{B2A8AA29-1A16-4687-B177-06861B724ABA}.Debug|Mixed Platforms.Build.0 = Debug|x86
		{B2A8AA29-1A16-4687-B177-06861B724ABA}.Debug|x86.ActiveCfg = Debug|x86
		{B2A8AA29-1A16-4687-B177-06861B724ABA}.Debug|x86.Build.0 = Debug|x86
		{B2A8AA29-1A16-4687-B177-06861B724ABA}.Release|Any CPU.ActiveCfg = Release|x86
		{B2A8AA29-1A16-4687-B177-06861B724ABA}.Release|Mixed Platforms.ActiveCfg = Release|x86
		{B2A8AA29-1A16-4687-B177-06861B724ABA}.Release|Mixed Platforms.Build.0 = Release|x86
		{B2A8AA29-1A16-4687-B177-06861B724ABA}.Release|x86.ActiveCfg = Release|x86
		{B2A8AA29-1A16-4687-B177-06861B724ABA}.Release|x86.Build.0 = Release|x86
		{6EBE80E5-0FE8-4A2D-AAB1-546A77345D76}.Debug|Any CPU.ActiveCfg = Debug|x86
		{6EBE80E5-0FE8-4A2D-AAB1-546A77345D76}.Debug|Mixed Platforms.ActiveCfg = Debug|x86
		{6EBE80E5-0FE8-4A2D-AAB1-546A77345D76}.Debug|Mixed Platforms.Build.0 = Debug|x86
		{6EBE80E5-0FE8-4A2D-AAB1-546A77345D76}.Debug|x86.ActiveCfg = Debug|x86
		{6EBE80E5-0FE8-4A2D-AAB1-546A77345D76}.Debug|x86.Build.0 = Debug|x86
		{6EBE80E5-0FE8-4A2D-AAB1-546A77345D76}.Release|Any CPU.ActiveCfg = Release|x86
		{6EBE80E5-0FE8-4A2D-AAB1-546A77345D76}.Release|Mixed Platforms.ActiveCfg = Release|x86
		{6EBE80E5-0FE8-4A2D-AAB1-546A77345D76}.Release|Mixed Platforms.Build.0 = Release|x86
		{6EBE80E5-0FE8-4A2D-AAB1-546A77345D76}.Release|x86.ActiveCfg = Release|x86
		{6EBE80E5-0FE8-4A2D-AAB1-546A77345D76}.Release|x86.Build.0 = Release|x86
		{CEF87BAE-5154-4B98-9D44-1DF3B5533C2B}.Debug|Any CPU.ActiveCfg = Debug|x86
		{CEF87BAE-5154-4B98-9D44-1DF3B5533C2B}.Debug|Mixed Platforms.ActiveCfg = Debug|x86
		{CEF87BAE-5154-4B98-9D44-1DF3B5533C2B}.Debug|Mixed Platforms.Build.0 = Debug|x86
		{CEF87BAE-5154-4B98-9D44-1DF3B5533C2B}.Debug|x86.ActiveCfg = Debug|x86
		{CEF87BAE-5154-4B98-9D44-1DF3B5533C2B}.Debug|x86.Build.0 = Debug|x86
		{CEF87BAE-5154-4B98-9D44-1DF3B5533C2B}.Release|Any CPU.ActiveCfg = Release|x86
		{CEF87BAE-5154-4B98-9D44-1DF3B5533C2B}.Release|Mixed Platforms.ActiveCfg = Release|x86
		{CEF87BAE-5154-4B98-9D44-1DF3B5533C2B}.Release|Mixed Platforms.Build.0 = Release|x86
		{CEF87BAE-5154-4B98-9D44-1DF3B5533C2B}.Release|x86.ActiveCfg = Release|x86
		{CEF87BAE-5154-4B98-9D44-1DF3B5533C2B}.Release|x86.Build.0 = Release|x86
	EndGlobalSection
	GlobalSection(SolutionProperties) = preSolution
		HideSolutionNode = FALSE
	EndGlobalSection
EndGlobal
